// !$*UTF8*$!
{
	archiveVersion = 1;
	classes = {
	};
	objectVersion = 46;
	objects = {

/* Begin PBXBuildFile section */
		36E8BC0A1F57617B0099386B /* AppDelegate.swift in Sources */ = {isa = PBXBuildFile; fileRef = 36E8BC091F57617B0099386B /* AppDelegate.swift */; };
		36E8BC0C1F57617B0099386B /* ViewController.swift in Sources */ = {isa = PBXBuildFile; fileRef = 36E8BC0B1F57617B0099386B /* ViewController.swift */; };
		36E8BC0F1F57617B0099386B /* Main.storyboard in Resources */ = {isa = PBXBuildFile; fileRef = 36E8BC0D1F57617B0099386B /* Main.storyboard */; };
		36E8BC111F57617B0099386B /* Assets.xcassets in Resources */ = {isa = PBXBuildFile; fileRef = 36E8BC101F57617B0099386B /* Assets.xcassets */; };
		36E8BC141F57617B0099386B /* LaunchScreen.storyboard in Resources */ = {isa = PBXBuildFile; fileRef = 36E8BC121F57617B0099386B /* LaunchScreen.storyboard */; };
/* End PBXBuildFile section */

/* Begin PBXFileReference section */
		36E8BC061F57617B0099386B /* Formas.app */ = {isa = PBXFileReference; explicitFileType = wrapper.application; includeInIndex = 0; path = Formas.app; sourceTree = BUILT_PRODUCTS_DIR; };
		36E8BC091F57617B0099386B /* AppDelegate.swift */ = {isa = PBXFileReference; lastKnownFileType = sourcecode.swift; path = AppDelegate.swift; sourceTree = "<group>"; };
		36E8BC0B1F57617B0099386B /* ViewController.swift */ = {isa = PBXFileReference; lastKnownFileType = sourcecode.swift; path = ViewController.swift; sourceTree = "<group>"; };
		36E8BC0E1F57617B0099386B /* Base */ = {isa = PBXFileReference; lastKnownFileType = file.storyboard; name = Base; path = Base.lproj/Main.storyboard; sourceTree = "<group>"; };
		36E8BC101F57617B0099386B /* Assets.xcassets */ = {isa = PBXFileReference; lastKnownFileType = folder.assetcatalog; path = Assets.xcassets; sourceTree = "<group>"; };
		36E8BC131F57617B0099386B /* Base */ = {isa = PBXFileReference; lastKnownFileType = file.storyboard; name = Base; path = Base.lproj/LaunchScreen.storyboard; sourceTree = "<group>"; };
		36E8BC151F57617B0099386B /* Info.plist */ = {isa = PBXFileReference; lastKnownFileType = text.plist.xml; path = Info.plist; sourceTree = "<group>"; };
/* End PBXFileReference section */

/* Begin PBXFrameworksBuildPhase section */
		36E8BC031F57617B0099386B /* Frameworks */ = {
			isa = PBXFrameworksBuildPhase;
			buildActionMask = 2147483647;
			files = (
			);
			runOnlyForDeploymentPostprocessing = 0;
		};
/* End PBXFrameworksBuildPhase section */

/* Begin PBXGroup section */
		36E8BBFD1F57617B0099386B = {
			isa = PBXGroup;
			children = (
				36E8BC081F57617B0099386B /* Formas */,
				36E8BC071F57617B0099386B /* Products */,
			);
			sourceTree = "<group>";
		};
		36E8BC071F57617B0099386B /* Products */ = {
			isa = PBXGroup;
			children = (
				36E8BC061F57617B0099386B /* Formas.app */,
			);
			name = Products;
			sourceTree = "<group>";
		};
		36E8BC081F57617B0099386B /* Formas */ = {
			isa = PBXGroup;
			children = (
				36E8BC091F57617B0099386B /* AppDelegate.swift */,
				36E8BC0B1F57617B0099386B /* ViewController.swift */,
				36E8BC0D1F57617B0099386B /* Main.storyboard */,
				36E8BC101F57617B0099386B /* Assets.xcassets */,
				36E8BC121F57617B0099386B /* LaunchScreen.storyboard */,
				36E8BC151F57617B0099386B /* Info.plist */,
			);
			path = Formas;
			sourceTree = "<group>";
		};
/* End PBXGroup section */

/* Begin PBXNativeTarget section */
		36E8BC051F57617B0099386B /* Formas */ = {
			isa = PBXNativeTarget;
			buildConfigurationList = 36E8BC181F57617B0099386B /* Build configuration list for PBXNativeTarget "Formas" */;
			buildPhases = (
				36E8BC021F57617B0099386B /* Sources */,
				36E8BC031F57617B0099386B /* Frameworks */,
				36E8BC041F57617B0099386B /* Resources */,
			);
			buildRules = (
			);
			dependencies = (
			);
			name = Formas;
			productName = Formas;
			productReference = 36E8BC061F57617B0099386B /* Formas.app */;
			productType = "com.apple.product-type.application";
		};
/* End PBXNativeTarget section */

/* Begin PBXProject section */
		36E8BBFE1F57617B0099386B /* Project object */ = {
			isa = PBXProject;
			attributes = {
				LastSwiftUpdateCheck = 0830;
				LastUpgradeCheck = 0830;
				ORGANIZATIONNAME = "Gilson Braggion";
				TargetAttributes = {
					36E8BC051F57617B0099386B = {
						CreatedOnToolsVersion = 8.3.3;
						DevelopmentTeam = 8DN7URG34T;
						ProvisioningStyle = Automatic;
					};
				};
			};
			buildConfigurationList = 36E8BC011F57617B0099386B /* Build configuration list for PBXProject "Formas" */;
			compatibilityVersion = "Xcode 3.2";
			developmentRegion = English;
			hasScannedForEncodings = 0;
			knownRegions = (
				en,
				Base,
			);
			mainGroup = 36E8BBFD1F57617B0099386B;
			productRefGroup = 36E8BC071F57617B0099386B /* Products */;
			projectDirPath = "";
			projectRoot = "";
			targets = (
				36E8BC051F57617B0099386B /* Formas */,
			);
		};
/* End PBXProject section */

/* Begin PBXResourcesBuildPhase section */
		36E8BC041F57617B0099386B /* Resources */ = {
			isa = PBXResourcesBuildPhase;
			buildActionMask = 2147483647;
			files = (
				36E8BC141F57617B0099386B /* LaunchScreen.storyboard in Resources */,
				36E8BC111F57617B0099386B /* Assets.xcassets in Resources */,
				36E8BC0F1F57617B0099386B /* Main.storyboard in Resources */,
			);
			runOnlyForDeploymentPostprocessing = 0;
		};
/* End PBXResourcesBuildPhase section */

/* Begin PBXSourcesBuildPhase section */
		36E8BC021F57617B0099386B /* Sources */ = {
			isa = PBXSourcesBuildPhase;
			buildActionMask = 2147483647;
			files = (
				36E8BC0C1F57617B0099386B /* ViewController.swift in Sources */,
				36E8BC0A1F57617B0099386B /* AppDelegate.swift in Sources */,
			);
			runOnlyForDeploymentPostprocessing = 0;
		};
/* End PBXSourcesBuildPhase section */

/* Begin PBXVariantGroup section */
		36E8BC0D1F57617B0099386B /* Main.storyboard */ = {
			isa = PBXVariantGroup;
			children = (
				36E8BC0E1F57617B0099386B /* Base */,
			);
			name = Main.storyboard;
			sourceTree = "<group>";
		};
		36E8BC121F57617B0099386B /* LaunchScreen.storyboard */ = {
			isa = PBXVariantGroup;
			children = (
				36E8BC131F57617B0099386B /* Base */,
			);
			name = LaunchScreen.storyboard;
			sourceTree = "<group>";
		};
/* End PBXVariantGroup section */

/* Begin XCBuildConfiguration section */
		36E8BC161F57617B0099386B /* Debug */ = {
			isa = XCBuildConfiguration;
			buildSettings = {
				ALWAYS_SEARCH_USER_PATHS = NO;
				CLANG_ANALYZER_NONNULL = YES;
				CLANG_ANALYZER_NUMBER_OBJECT_CONVERSION = YES_AGGRESSIVE;
				CLANG_CXX_LANGUAGE_STANDARD = "gnu++0x";
				CLANG_CXX_LIBRARY = "libc++";
				CLANG_ENABLE_MODULES = YES;
				CLANG_ENABLE_OBJC_ARC = YES;
				CLANG_WARN_BOOL_CONVERSION = YES;
				CLANG_WARN_CONSTANT_CONVERSION = YES;
				CLANG_WARN_DIRECT_OBJC_ISA_USAGE = YES_ERROR;
				CLANG_WARN_DOCUMENTATION_COMMENTS = YES;
				CLANG_WARN_EMPTY_BODY = YES;
				CLANG_WARN_ENUM_CONVERSION = YES;
				CLANG_WARN_INFINITE_RECURSION = YES;
				CLANG_WARN_INT_CONVERSION = YES;
				CLANG_WARN_OBJC_ROOT_CLASS = YES_ERROR;
				CLANG_WARN_SUSPICIOUS_MOVE = YES;
				CLANG_WARN_UNREACHABLE_CODE = YES;
				CLANG_WARN__DUPLICATE_METHOD_MATCH = YES;
				"CODE_SIGN_IDENTITY[sdk=iphoneos*]" = "iPhone Developer";
				COPY_PHASE_STRIP = NO;
				DEBUG_INFORMATION_FORMAT = dwarf;
				ENABLE_STRICT_OBJC_MSGSEND = YES;
				ENABLE_TESTABILITY = YES;
				GCC_C_LANGUAGE_STANDARD = gnu99;
				GCC_DYNAMIC_NO_PIC = NO;
				GCC_NO_COMMON_BLOCKS = YES;
				GCC_OPTIMIZATION_LEVEL = 0;
				GCC_PREPROCESSOR_DEFINITIONS = (
					"DEBUG=1",
					"$(inherited)",
				);
				GCC_WARN_64_TO_32_BIT_CONVERSION = YES;
				GCC_WARN_ABOUT_RETURN_TYPE = YES_ERROR;
				GCC_WARN_UNDECLARED_SELECTOR = YES;
				GCC_WARN_UNINITIALIZED_AUTOS = YES_AGGRESSIVE;
				GCC_WARN_UNUSED_FUNCTION = YES;
				GCC_WARN_UNUSED_VARIABLE = YES;
				IPHONEOS_DEPLOYMENT_TARGET = 10.3;
				MTL_ENABLE_DEBUG_INFO = YES;
				ONLY_ACTIVE_ARCH = YES;
				SDKROOT = iphoneos;
				SWIFT_ACTIVE_COMPILATION_CONDITIONS = DEBUG;
				SWIFT_OPTIMIZATION_LEVEL = "-Onone";
			};
			name = Debug;
		};
		36E8BC171F57617B0099386B /* Release */ = {
			isa = XCBuildConfiguration;
			buildSettings = {
				ALWAYS_SEARCH_USER_PATHS = NO;
				CLANG_ANALYZER_NONNULL = YES;
				CLANG_ANALYZER_NUMBER_OBJECT_CONVERSION = YES_AGGRESSIVE;
				CLANG_CXX_LANGUAGE_STANDARD = "gnu++0x";
				CLANG_CXX_LIBRARY = "libc++";
				CLANG_ENABLE_MODULES = YES;
				CLANG_ENABLE_OBJC_ARC = YES;
				CLANG_WARN_BOOL_CONVERSION = YES;
				CLANG_WARN_CONSTANT_CONVERSION = YES;
				CLANG_WARN_DIRECT_OBJC_ISA_USAGE = YES_ERROR;
				CLANG_WARN_DOCUMENTATION_COMMENTS = YES;
				CLANG_WARN_EMPTY_BODY = YES;
				CLANG_WARN_ENUM_CONVERSION = YES;
				CLANG_WARN_INFINITE_RECURSION = YES;
				CLANG_WARN_INT_CONVERSION = YES;
				CLANG_WARN_OBJC_ROOT_CLASS = YES_ERROR;
				CLANG_WARN_SUSPICIOUS_MOVE = YES;
				CLANG_WARN_UNREACHABLE_CODE = YES;
				CLANG_WARN__DUPLICATE_METHOD_MATCH = YES;
				"CODE_SIGN_IDENTITY[sdk=iphoneos*]" = "iPhone Developer";
				COPY_PHASE_STRIP = NO;
				DEBUG_INFORMATION_FORMAT = "dwarf-with-dsym";
				ENABLE_NS_ASSERTIONS = NO;
				ENABLE_STRICT_OBJC_MSGSEND = YES;
				GCC_C_LANGUAGE_STANDARD = gnu99;
				GCC_NO_COMMON_BLOCKS = YES;
				GCC_WARN_64_TO_32_BIT_CONVERSION = YES;
				GCC_WARN_ABOUT_RETURN_TYPE = YES_ERROR;
				GCC_WARN_UNDECLARED_SELECTOR = YES;
				GCC_WARN_UNINITIALIZED_AUTOS = YES_AGGRESSIVE;
				GCC_WARN_UNUSED_FUNCTION = YES;
				GCC_WARN_UNUSED_VARIABLE = YES;
				IPHONEOS_DEPLOYMENT_TARGET = 10.3;
				MTL_ENABLE_DEBUG_INFO = NO;
				SDKROOT = iphoneos;
				SWIFT_OPTIMIZATION_LEVEL = "-Owholemodule";
				VALIDATE_PRODUCT = YES;
			};
			name = Release;
		};
		36E8BC191F57617B0099386B /* Debug */ = {
			isa = XCBuildConfiguration;
			buildSettings = {
				ASSETCATALOG_COMPILER_APPICON_NAME = AppIcon;
				DEVELOPMENT_TEAM = 8DN7URG34T;
				INFOPLIST_FILE = Formas/Info.plist;
				LD_RUNPATH_SEARCH_PATHS = "$(inherited) @executable_path/Frameworks";
				PRODUCT_BUNDLE_IDENTIFIER = br.com.rhinosistemas.Formas;
				PRODUCT_NAME = "$(TARGET_NAME)";
				SWIFT_VERSION = 3.0;
			};
			name = Debug;
		};
		36E8BC1A1F57617B0099386B /* Release */ = {
			isa = XCBuildConfiguration;
			buildSettings = {
				ASSETCATALOG_COMPILER_APPICON_NAME = AppIcon;
				DEVELOPMENT_TEAM = 8DN7URG34T;
				INFOPLIST_FILE = Formas/Info.plist;
				LD_RUNPATH_SEARCH_PATHS = "$(inherited) @executable_path/Frameworks";
				PRODUCT_BUNDLE_IDENTIFIER = br.com.rhinosistemas.Formas;
				PRODUCT_NAME = "$(TARGET_NAME)";
				SWIFT_VERSION = 3.0;
			};
			name = Release;
		};
/* End XCBuildConfiguration section */

/* Begin XCConfigurationList section */
		36E8BC011F57617B0099386B /* Build configuration list for PBXProject "Formas" */ = {
			isa = XCConfigurationList;
			buildConfigurations = (
				36E8BC161F57617B0099386B /* Debug */,
				36E8BC171F57617B0099386B /* Release */,
			);
			defaultConfigurationIsVisible = 0;
			defaultConfigurationName = Release;
		};
		36E8BC181F57617B0099386B /* Build configuration list for PBXNativeTarget "Formas" */ = {
			isa = XCConfigurationList;
			buildConfigurations = (
				36E8BC191F57617B0099386B /* Debug */,
				36E8BC1A1F57617B0099386B /* Release */,
			);
			defaultConfigurationIsVisible = 0;
		};
/* End XCConfigurationList section */
	};
	rootObject = 36E8BBFE1F57617B0099386B /* Project object */;
}
